Microsoft Visual Studio Solution File, Format Version 12.00
# Visual Studio 2012
Project("{FAE04EC0-301F-11D3-BF4B-00C04F79EFBC}") = "CoercionModes", "CoercionModes.csproj", "{BB18C3F6-599E-4C6A-9421-62B4B7C080B3}"
EndProject
Global
	GlobalSection(SolutionConfigurationPlatforms) = preSolution
		Debug|Any CPU = Debug|Any CPU
		Release|Any CPU = Release|Any CPU
	EndGlobalSection
	GlobalSection(ProjectConfigurationPlatforms) = postSolution
		{BB18C3F6-599E-4C6A-9421-62B4B7C080B3}.Debug|Any CPU.ActiveCfg = Debug|Any CPU
		{BB18C3F6-599E-4C6A-9421-62B4B7C080B3}.Debug|Any CPU.Build.0 = Debug|Any CPU
		{BB18C3F6-599E-4C6A-9421-62B4B7C080B3}.Release|Any CPU.ActiveCfg = Release|Any CPU
		{BB18C3F6-599E-4C6A-9421-62B4B7C080B3}.Release|Any CPU.Build.0 = Release|Any CPU
	EndGlobalSection
	GlobalSection(SolutionProperties) = preSolution
		HideSolutionNode = FALSE
	EndGlobalSection
EndGlobal
