Microsoft Visual Studio Solution File, Format Version 12.00
# Visual Studio 2012
Project("{FAE04EC0-301F-11D3-BF4B-00C04F79EFBC}") = "ReadDigChan_IntClk_DigRef.2012", "ReadDigChan_IntClk_DigRef.2012.csproj", "{EA90D8B7-611C-4160-929F-139C8BF42772}"
EndProject
Global
	GlobalSection(SolutionConfigurationPlatforms) = preSolution
		Debug|Any CPU = Debug|Any CPU
		Debug|x86 = Debug|x86
		Release|Any CPU = Release|Any CPU
		Release|x86 = Release|x86
	EndGlobalSection
	GlobalSection(ProjectConfigurationPlatforms) = postSolution
		{EA90D8B7-611C-4160-929F-139C8BF42772}.Debug|Any CPU.ActiveCfg = Debug|Any CPU
		{EA90D8B7-611C-4160-929F-139C8BF42772}.Debug|Any CPU.Build.0 = Debug|Any CPU
		{EA90D8B7-611C-4160-929F-139C8BF42772}.Debug|x86.ActiveCfg = Debug|x86
		{EA90D8B7-611C-4160-929F-139C8BF42772}.Debug|x86.Build.0 = Debug|x86
		{EA90D8B7-611C-4160-929F-139C8BF42772}.Release|Any CPU.ActiveCfg = Release|Any CPU
		{EA90D8B7-611C-4160-929F-139C8BF42772}.Release|Any CPU.Build.0 = Release|Any CPU
		{EA90D8B7-611C-4160-929F-139C8BF42772}.Release|x86.ActiveCfg = Release|x86
		{EA90D8B7-611C-4160-929F-139C8BF42772}.Release|x86.Build.0 = Release|x86
	EndGlobalSection
	GlobalSection(SolutionProperties) = preSolution
		HideSolutionNode = FALSE
	EndGlobalSection
EndGlobal
