Microsoft Visual Studio Solution File, Format Version 12.00
# Visual Studio 2013
Project("{FAE04EC0-301F-11D3-BF4B-00C04F79EFBC}") = "Windowing", "Windowing.csproj", "{D35A23CF-0AFB-41B0-B3EB-DE4D449D755D}"
EndProject
Global
	GlobalSection(SolutionConfigurationPlatforms) = preSolution
		Debug|Any CPU = Debug|Any CPU
		Release|Any CPU = Release|Any CPU
	EndGlobalSection
	GlobalSection(ProjectConfigurationPlatforms) = postSolution
		{D35A23CF-0AFB-41B0-B3EB-DE4D449D755D}.Debug|Any CPU.ActiveCfg = Debug|Any CPU
		{D35A23CF-0AFB-41B0-B3EB-DE4D449D755D}.Debug|Any CPU.Build.0 = Debug|Any CPU
		{D35A23CF-0AFB-41B0-B3EB-DE4D449D755D}.Release|Any CPU.ActiveCfg = Release|Any CPU
		{D35A23CF-0AFB-41B0-B3EB-DE4D449D755D}.Release|Any CPU.Build.0 = Release|Any CPU
	EndGlobalSection
	GlobalSection(SolutionProperties) = preSolution
		HideSolutionNode = FALSE
	EndGlobalSection
EndGlobal
