Microsoft Visual Studio Solution File, Format Version 12.00
# Visual Studio 2012
Project("{FAE04EC0-301F-11D3-BF4B-00C04F79EFBC}") = "AIContAcquisition.2012", "AIContAcquisition.2012.csproj", "{CEB876BB-9C7F-497E-83D3-A2696E2C7DE7}"
EndProject
Global
	GlobalSection(SolutionConfigurationPlatforms) = preSolution
		Debug|Any CPU = Debug|Any CPU
		Release|Any CPU = Release|Any CPU
	EndGlobalSection
	GlobalSection(ProjectConfigurationPlatforms) = postSolution
		{CEB876BB-9C7F-497E-83D3-A2696E2C7DE7}.Debug|Any CPU.ActiveCfg = Debug|Any CPU
		{CEB876BB-9C7F-497E-83D3-A2696E2C7DE7}.Debug|Any CPU.Build.0 = Debug|Any CPU
		{CEB876BB-9C7F-497E-83D3-A2696E2C7DE7}.Release|Any CPU.ActiveCfg = Release|Any CPU
		{CEB876BB-9C7F-497E-83D3-A2696E2C7DE7}.Release|Any CPU.Build.0 = Release|Any CPU
	EndGlobalSection
	GlobalSection(SolutionProperties) = preSolution
		HideSolutionNode = FALSE
	EndGlobalSection
EndGlobal
