Microsoft Visual Studio Solution File, Format Version 12.00
# Visual Studio 2012
Project("{F184B08F-C81C-45F6-A57F-5ABD9991F28F}") = "MeasPulseWidthBuf_SmplClk_Cont.2012", "MeasPulseWidthBuf_SmplClk_Cont.2012.vbproj", "{522C925B-08F8-4DE8-862D-496AA47BDAD2}"
EndProject
Global
	GlobalSection(SolutionConfigurationPlatforms) = preSolution
		Debug|Any CPU = Debug|Any CPU
		Release|Any CPU = Release|Any CPU
	EndGlobalSection
	GlobalSection(ProjectConfigurationPlatforms) = postSolution
		{522C925B-08F8-4DE8-862D-496AA47BDAD2}.Debug|Any CPU.ActiveCfg = Debug|Any CPU
		{522C925B-08F8-4DE8-862D-496AA47BDAD2}.Debug|Any CPU.Build.0 = Debug|Any CPU
		{522C925B-08F8-4DE8-862D-496AA47BDAD2}.Release|Any CPU.ActiveCfg = Release|Any CPU
		{522C925B-08F8-4DE8-862D-496AA47BDAD2}.Release|Any CPU.Build.0 = Release|Any CPU
	EndGlobalSection
	GlobalSection(SolutionProperties) = preSolution
		HideSolutionNode = FALSE
	EndGlobalSection
EndGlobal
