Microsoft Visual Studio Solution File, Format Version 12.00
# Visual Studio 2012
# SharpDevelop 4.1.0.7915
Project("{FAE04EC0-301F-11D3-BF4B-00C04F79EFBC}") = "PowerVsTimeZeroSpan", "PowerVsTimeZeroSpan.csproj", "{495BEC6F-22CB-44D0-AD27-899474EF65AF}"
EndProject
Global
	GlobalSection(SolutionConfigurationPlatforms) = preSolution
		Debug|Any CPU = Debug|Any CPU
		Release|Any CPU = Release|Any CPU
	EndGlobalSection
	GlobalSection(ProjectConfigurationPlatforms) = postSolution
		{495BEC6F-22CB-44D0-AD27-899474EF65AF}.Debug|Any CPU.ActiveCfg = Debug|Any CPU
		{495BEC6F-22CB-44D0-AD27-899474EF65AF}.Debug|Any CPU.Build.0 = Debug|Any CPU
		{495BEC6F-22CB-44D0-AD27-899474EF65AF}.Release|Any CPU.ActiveCfg = Release|Any CPU
		{495BEC6F-22CB-44D0-AD27-899474EF65AF}.Release|Any CPU.Build.0 = Release|Any CPU
	EndGlobalSection
	GlobalSection(SolutionProperties) = preSolution
		HideSolutionNode = FALSE
	EndGlobalSection
EndGlobal
