Microsoft Visual Studio Solution File, Format Version 12.00
# Visual Studio 2012
Project("{FAE04EC0-301F-11D3-BF4B-00C04F79EFBC}") = "PlotWaveforms", "PlotWaveforms.csproj", "{E4408816-A2CD-4098-9E2F-E5EAA72C04AA}"
EndProject
Global
	GlobalSection(SolutionConfigurationPlatforms) = preSolution
		Debug|Any CPU = Debug|Any CPU
		Release|Any CPU = Release|Any CPU
	EndGlobalSection
	GlobalSection(ProjectConfigurationPlatforms) = postSolution
		{E4408816-A2CD-4098-9E2F-E5EAA72C04AA}.Debug|Any CPU.ActiveCfg = Debug|Any CPU
		{E4408816-A2CD-4098-9E2F-E5EAA72C04AA}.Debug|Any CPU.Build.0 = Debug|Any CPU
		{E4408816-A2CD-4098-9E2F-E5EAA72C04AA}.Release|Any CPU.ActiveCfg = Release|Any CPU
		{E4408816-A2CD-4098-9E2F-E5EAA72C04AA}.Release|Any CPU.Build.0 = Release|Any CPU
	EndGlobalSection
	GlobalSection(SolutionProperties) = preSolution
		HideSolutionNode = FALSE
	EndGlobalSection
EndGlobal
