Microsoft Visual Studio Solution File, Format Version 12.00
# Visual Studio 2012
Project("{F184B08F-C81C-45F6-A57F-5ABD9991F28F}") = "Styles", "Styles.vbproj", "{680E4AE8-1767-49BB-81DA-73BF42DE485F}"
EndProject
Global
	GlobalSection(SolutionConfigurationPlatforms) = preSolution
		Debug|Any CPU = Debug|Any CPU
		Release|Any CPU = Release|Any CPU
	EndGlobalSection
	GlobalSection(ProjectConfigurationPlatforms) = postSolution
		{680E4AE8-1767-49BB-81DA-73BF42DE485F}.Debug|Any CPU.ActiveCfg = Debug|Any CPU
		{680E4AE8-1767-49BB-81DA-73BF42DE485F}.Debug|Any CPU.Build.0 = Debug|Any CPU
		{680E4AE8-1767-49BB-81DA-73BF42DE485F}.Release|Any CPU.ActiveCfg = Release|Any CPU
		{680E4AE8-1767-49BB-81DA-73BF42DE485F}.Release|Any CPU.Build.0 = Release|Any CPU
	EndGlobalSection
	GlobalSection(SolutionProperties) = preSolution
		HideSolutionNode = FALSE
	EndGlobalSection
EndGlobal
