Microsoft Visual Studio Solution File, Format Version 12.00
# Visual Studio 2012
Project("{FAE04EC0-301F-11D3-BF4B-00C04F79EFBC}") = "ContWriteDigPort_ExtClk", "ContWriteDigPort_ExtClk.2012.csproj", "{0F92930A-8DCD-448F-8FA4-11B23C380285}"
EndProject
Global
	GlobalSection(SolutionConfigurationPlatforms) = preSolution
		Debug|Any CPU = Debug|Any CPU
		Release|Any CPU = Release|Any CPU
	EndGlobalSection
	GlobalSection(ProjectConfigurationPlatforms) = postSolution
		{0F92930A-8DCD-448F-8FA4-11B23C380285}.Debug|Any CPU.ActiveCfg = Debug|Any CPU
		{0F92930A-8DCD-448F-8FA4-11B23C380285}.Debug|Any CPU.Build.0 = Debug|Any CPU
		{0F92930A-8DCD-448F-8FA4-11B23C380285}.Release|Any CPU.ActiveCfg = Release|Any CPU
		{0F92930A-8DCD-448F-8FA4-11B23C380285}.Release|Any CPU.Build.0 = Release|Any CPU
	EndGlobalSection
	GlobalSection(SolutionProperties) = preSolution
		HideSolutionNode = FALSE
	EndGlobalSection
EndGlobal
