Microsoft Visual Studio Solution File, Format Version 12.00
# Visual Studio 2012
Project("{FAE04EC0-301F-11D3-BF4B-00C04F79EFBC}") = "Gen0_20mACurrent", "Gen0_20mACurrent.2012.csproj", "{CA202D49-2533-4DB7-9A89-2C83F5012F40}"
EndProject
Global
	GlobalSection(SolutionConfigurationPlatforms) = preSolution
		Debug|Any CPU = Debug|Any CPU
		Release|Any CPU = Release|Any CPU
	EndGlobalSection
	GlobalSection(ProjectConfigurationPlatforms) = postSolution
		{CA202D49-2533-4DB7-9A89-2C83F5012F40}.Debug|Any CPU.ActiveCfg = Debug|Any CPU
		{CA202D49-2533-4DB7-9A89-2C83F5012F40}.Debug|Any CPU.Build.0 = Debug|Any CPU
		{CA202D49-2533-4DB7-9A89-2C83F5012F40}.Release|Any CPU.ActiveCfg = Release|Any CPU
		{CA202D49-2533-4DB7-9A89-2C83F5012F40}.Release|Any CPU.Build.0 = Release|Any CPU
	EndGlobalSection
	GlobalSection(SolutionProperties) = preSolution
		HideSolutionNode = FALSE
	EndGlobalSection
EndGlobal
