Microsoft Visual Studio Solution File, Format Version 11.00
# Visual Studio 2010
Project("{F184B08F-C81C-45F6-A57F-5ABD9991F28F}") = "ContWriteDigPort_ExtClk", "ContWriteDigPort_ExtClk.2010.vbproj", "{C030D737-B95C-4C11-ADCD-9129AD69ABFE}"
EndProject
Global
	GlobalSection(SolutionConfigurationPlatforms) = preSolution
		Debug|Any CPU = Debug|Any CPU
		Release|Any CPU = Release|Any CPU
	EndGlobalSection
	GlobalSection(ProjectConfigurationPlatforms) = postSolution
		{C030D737-B95C-4C11-ADCD-9129AD69ABFE}.Debug|Any CPU.ActiveCfg = Debug|Any CPU
		{C030D737-B95C-4C11-ADCD-9129AD69ABFE}.Debug|Any CPU.Build.0 = Debug|Any CPU
		{C030D737-B95C-4C11-ADCD-9129AD69ABFE}.Release|Any CPU.ActiveCfg = Release|Any CPU
		{C030D737-B95C-4C11-ADCD-9129AD69ABFE}.Release|Any CPU.Build.0 = Release|Any CPU
	EndGlobalSection
	GlobalSection(SolutionProperties) = preSolution
		HideSolutionNode = FALSE
	EndGlobalSection
EndGlobal
