Microsoft Visual Studio Solution File, Format Version 12.00
# Visual Studio 2012
Project("{FAE04EC0-301F-11D3-BF4B-00C04F79EFBC}") = "MeasDigFreqBuffCont_ExtClk_ArmStart", "MeasDigFreqBuffCont_ExtClk_ArmStart.2012.csproj", "{ECF84AA0-1562-48B0-911E-72518836663B}"
EndProject
Global
	GlobalSection(SolutionConfigurationPlatforms) = preSolution
		Debug|Any CPU = Debug|Any CPU
		Release|Any CPU = Release|Any CPU
	EndGlobalSection
	GlobalSection(ProjectConfigurationPlatforms) = postSolution
		{ECF84AA0-1562-48B0-911E-72518836663B}.Debug|Any CPU.ActiveCfg = Debug|Any CPU
		{ECF84AA0-1562-48B0-911E-72518836663B}.Debug|Any CPU.Build.0 = Debug|Any CPU
		{ECF84AA0-1562-48B0-911E-72518836663B}.Release|Any CPU.ActiveCfg = Release|Any CPU
		{ECF84AA0-1562-48B0-911E-72518836663B}.Release|Any CPU.Build.0 = Release|Any CPU
	EndGlobalSection
	GlobalSection(SolutionProperties) = preSolution
		HideSolutionNode = FALSE
	EndGlobalSection
EndGlobal
