Microsoft Visual Studio Solution File, Format Version 12.00
# Visual Studio 2012
Project("{FAE04EC0-301F-11D3-BF4B-00C04F79EFBC}") = "TemperatureSystem", "TemperatureSystem.csproj", "{C769DFF9-F5AB-460E-A77B-4A21369EF069}"
EndProject
Global
	GlobalSection(SolutionConfigurationPlatforms) = preSolution
		Debug|Any CPU = Debug|Any CPU
		Release|Any CPU = Release|Any CPU
	EndGlobalSection
	GlobalSection(ProjectConfigurationPlatforms) = postSolution
		{C769DFF9-F5AB-460E-A77B-4A21369EF069}.Debug|Any CPU.ActiveCfg = Debug|Any CPU
		{C769DFF9-F5AB-460E-A77B-4A21369EF069}.Debug|Any CPU.Build.0 = Debug|Any CPU
		{C769DFF9-F5AB-460E-A77B-4A21369EF069}.Release|Any CPU.ActiveCfg = Release|Any CPU
		{C769DFF9-F5AB-460E-A77B-4A21369EF069}.Release|Any CPU.Build.0 = Release|Any CPU
	EndGlobalSection
	GlobalSection(SolutionProperties) = preSolution
		HideSolutionNode = FALSE
	EndGlobalSection
EndGlobal
