Microsoft Visual Studio Solution File, Format Version 12.00
# Visual Studio 2012
Project("{F184B08F-C81C-45F6-A57F-5ABD9991F28F}") = "Reader", "Reader.vbproj", "{261A9F67-7F8F-435B-9310-FD5B30673E00}"
	ProjectSection(WebsiteProperties) = preProject
		Debug.AspNetCompiler.Debug = "True"
		Release.AspNetCompiler.Debug = "False"
	EndProjectSection
EndProject
Global
	GlobalSection(SolutionConfigurationPlatforms) = preSolution
		Debug|Any CPU = Debug|Any CPU
		Release|Any CPU = Release|Any CPU
	EndGlobalSection
	GlobalSection(ProjectConfigurationPlatforms) = postSolution
		{261A9F67-7F8F-435B-9310-FD5B30673E00}.Debug|Any CPU.ActiveCfg = Debug|Any CPU
		{261A9F67-7F8F-435B-9310-FD5B30673E00}.Debug|Any CPU.Build.0 = Debug|Any CPU
		{261A9F67-7F8F-435B-9310-FD5B30673E00}.Release|Any CPU.ActiveCfg = Release|Any CPU
		{261A9F67-7F8F-435B-9310-FD5B30673E00}.Release|Any CPU.Build.0 = Release|Any CPU
	EndGlobalSection
	GlobalSection(SolutionProperties) = preSolution
		HideSolutionNode = FALSE
	EndGlobalSection
EndGlobal
