Microsoft Visual Studio Solution File, Format Version 12.00
# Visual Studio 2012
Project("{FAE04EC0-301F-11D3-BF4B-00C04F79EFBC}") = "MagnitudePhaseRangeAnnotation", "MagnitudePhaseRangeAnnotation.csproj", "{ABA3DFDF-D9A1-49EF-8264-2CE996E5FEE5}"
EndProject
Global
	GlobalSection(SolutionConfigurationPlatforms) = preSolution
		Debug|Any CPU = Debug|Any CPU
		Release|Any CPU = Release|Any CPU
	EndGlobalSection
	GlobalSection(ProjectConfigurationPlatforms) = postSolution
		{ABA3DFDF-D9A1-49EF-8264-2CE996E5FEE5}.Debug|Any CPU.ActiveCfg = Debug|Any CPU
		{ABA3DFDF-D9A1-49EF-8264-2CE996E5FEE5}.Debug|Any CPU.Build.0 = Debug|Any CPU
		{ABA3DFDF-D9A1-49EF-8264-2CE996E5FEE5}.Release|Any CPU.ActiveCfg = Release|Any CPU
		{ABA3DFDF-D9A1-49EF-8264-2CE996E5FEE5}.Release|Any CPU.Build.0 = Release|Any CPU
	EndGlobalSection
	GlobalSection(SolutionProperties) = preSolution
		HideSolutionNode = FALSE
	EndGlobalSection
EndGlobal
