Microsoft Visual Studio Solution File, Format Version 12.00
# Visual Studio 2012
Project("{FAE04EC0-301F-11D3-BF4B-00C04F79EFBC}") = "SpectrumAnalyzer", "SpectrumAnalyzer.csproj", "{A69BD736-F059-441D-9401-9E5209231418}"
EndProject
Global
	GlobalSection(SolutionConfigurationPlatforms) = preSolution
		Debug|Any CPU = Debug|Any CPU
		Release|Any CPU = Release|Any CPU
	EndGlobalSection
	GlobalSection(ProjectConfigurationPlatforms) = postSolution
		{A69BD736-F059-441D-9401-9E5209231418}.Debug|Any CPU.ActiveCfg = Debug|Any CPU
		{A69BD736-F059-441D-9401-9E5209231418}.Debug|Any CPU.Build.0 = Debug|Any CPU
		{A69BD736-F059-441D-9401-9E5209231418}.Release|Any CPU.ActiveCfg = Release|Any CPU
		{A69BD736-F059-441D-9401-9E5209231418}.Release|Any CPU.Build.0 = Release|Any CPU
	EndGlobalSection
	GlobalSection(SolutionProperties) = preSolution
		HideSolutionNode = FALSE
	EndGlobalSection
EndGlobal
