Microsoft Visual Studio Solution File, Format Version 11.00
# Visual Studio 2010
Project("{F184B08F-C81C-45F6-A57F-5ABD9991F28F}") = "WriteDigChan_WatchdogTimer", "WriteDigChan_WatchdogTimer.2010.vbproj", "{BB9FC5A4-7B24-4D2D-AA9C-EEA19FF780AB}"
EndProject
Global
	GlobalSection(SolutionConfigurationPlatforms) = preSolution
		Debug|Any CPU = Debug|Any CPU
		Release|Any CPU = Release|Any CPU
	EndGlobalSection
	GlobalSection(ProjectConfigurationPlatforms) = postSolution
		{BB9FC5A4-7B24-4D2D-AA9C-EEA19FF780AB}.Debug|Any CPU.ActiveCfg = Debug|Any CPU
		{BB9FC5A4-7B24-4D2D-AA9C-EEA19FF780AB}.Debug|Any CPU.Build.0 = Debug|Any CPU
		{BB9FC5A4-7B24-4D2D-AA9C-EEA19FF780AB}.Release|Any CPU.ActiveCfg = Release|Any CPU
		{BB9FC5A4-7B24-4D2D-AA9C-EEA19FF780AB}.Release|Any CPU.Build.0 = Release|Any CPU
	EndGlobalSection
	GlobalSection(SolutionProperties) = preSolution
		HideSolutionNode = FALSE
	EndGlobalSection
EndGlobal
