Microsoft Visual Studio Solution File, Format Version 11.00
# Visual Studio 2010
Project("{F184B08F-C81C-45F6-A57F-5ABD9991F28F}") = "ContAcqVoltageSamples_IntClk_SWTrigger", "ContAcqVoltageSamples_IntClk_SWTrigger.2010.vbproj", "{35669D5A-FC30-4E58-8C05-8528DF194C38}"
EndProject
Global
	GlobalSection(SolutionConfigurationPlatforms) = preSolution
		Debug|Any CPU = Debug|Any CPU
		Release|Any CPU = Release|Any CPU
	EndGlobalSection
	GlobalSection(ProjectConfigurationPlatforms) = postSolution
		{35669D5A-FC30-4E58-8C05-8528DF194C38}.Debug|Any CPU.ActiveCfg = Debug|Any CPU
		{35669D5A-FC30-4E58-8C05-8528DF194C38}.Debug|Any CPU.Build.0 = Debug|Any CPU
		{35669D5A-FC30-4E58-8C05-8528DF194C38}.Release|Any CPU.ActiveCfg = Release|Any CPU
		{35669D5A-FC30-4E58-8C05-8528DF194C38}.Release|Any CPU.Build.0 = Release|Any CPU
	EndGlobalSection
	GlobalSection(SolutionProperties) = preSolution
		HideSolutionNode = FALSE
	EndGlobalSection
EndGlobal
