
Microsoft Visual Studio Solution File, Format Version 12.00
# Visual Studio 14
VisualStudioVersion = 14.0.25420.1
MinimumVisualStudioVersion = 10.0.40219.1
Project("{FAE04EC0-301F-11D3-BF4B-00C04F79EFBC}") = "ServiceRequest.2015", "ServiceRequest.2015.csproj", "{3E318495-ADD7-4B3C-927B-A8E38E77FCEE}"
EndProject
Global
	GlobalSection(SolutionConfigurationPlatforms) = preSolution
		Debug|Any CPU = Debug|Any CPU
		Release|Any CPU = Release|Any CPU
	EndGlobalSection
	GlobalSection(ProjectConfigurationPlatforms) = postSolution
		{3E318495-ADD7-4B3C-927B-A8E38E77FCEE}.Debug|Any CPU.ActiveCfg = Debug|Any CPU
		{3E318495-ADD7-4B3C-927B-A8E38E77FCEE}.Debug|Any CPU.Build.0 = Debug|Any CPU
		{3E318495-ADD7-4B3C-927B-A8E38E77FCEE}.Release|Any CPU.ActiveCfg = Release|Any CPU
		{3E318495-ADD7-4B3C-927B-A8E38E77FCEE}.Release|Any CPU.Build.0 = Release|Any CPU
	EndGlobalSection
	GlobalSection(SolutionProperties) = preSolution
		HideSolutionNode = FALSE
	EndGlobalSection
EndGlobal
