Microsoft Visual Studio Solution File, Format Version 12.00
# Visual Studio 2012
Project("{F184B08F-C81C-45F6-A57F-5ABD9991F28F}") = "GlobalContinuousAIToNetworkVariable", "GlobalContinuousAIToNetworkVariable.vbproj", "{5E465FBF-0D20-4A09-891B-2A488E5AC12D}"
EndProject
Global
	GlobalSection(DPCodeReviewSolutionGUID) = preSolution
		DPCodeReviewSolutionGUID = {00000000-0000-0000-0000-000000000000}
	EndGlobalSection
	GlobalSection(SolutionConfigurationPlatforms) = preSolution
		Debug|Any CPU = Debug|Any CPU
		Release|Any CPU = Release|Any CPU
	EndGlobalSection
	GlobalSection(ProjectConfigurationPlatforms) = postSolution
		{5E465FBF-0D20-4A09-891B-2A488E5AC12D}.Debug|Any CPU.ActiveCfg = Debug|Any CPU
		{5E465FBF-0D20-4A09-891B-2A488E5AC12D}.Debug|Any CPU.Build.0 = Debug|Any CPU
		{5E465FBF-0D20-4A09-891B-2A488E5AC12D}.Release|Any CPU.ActiveCfg = Release|Any CPU
		{5E465FBF-0D20-4A09-891B-2A488E5AC12D}.Release|Any CPU.Build.0 = Release|Any CPU
	EndGlobalSection
	GlobalSection(SolutionProperties) = preSolution
		HideSolutionNode = FALSE
	EndGlobalSection
EndGlobal
