Microsoft Visual Studio Solution File, Format Version 11.00
# Visual Studio 2010
Project("{FAE04EC0-301F-11D3-BF4B-00C04F79EFBC}") = "ContReadDigChan_PipeSampClkwHshk.2010", "ContReadDigChan_PipeSampClkwHshk.2010.csproj", "{8C31D0C8-C97A-4998-9A5D-6371C57B6BFA}"
EndProject
Global
	GlobalSection(SolutionConfigurationPlatforms) = preSolution
		Debug|Any CPU = Debug|Any CPU
		Release|Any CPU = Release|Any CPU
	EndGlobalSection
	GlobalSection(ProjectConfigurationPlatforms) = postSolution
		{8C31D0C8-C97A-4998-9A5D-6371C57B6BFA}.Debug|Any CPU.ActiveCfg = Debug|Any CPU
		{8C31D0C8-C97A-4998-9A5D-6371C57B6BFA}.Debug|Any CPU.Build.0 = Debug|Any CPU
		{8C31D0C8-C97A-4998-9A5D-6371C57B6BFA}.Release|Any CPU.ActiveCfg = Release|Any CPU
		{8C31D0C8-C97A-4998-9A5D-6371C57B6BFA}.Release|Any CPU.Build.0 = Release|Any CPU
	EndGlobalSection
	GlobalSection(SolutionProperties) = preSolution
		HideSolutionNode = FALSE
	EndGlobalSection
EndGlobal
