Microsoft Visual Studio Solution File, Format Version 12.00
# Visual Studio 2012
Project("{F184B08F-C81C-45F6-A57F-5ABD9991F28F}") = "ErrorDataModes", "ErrorDataModes.vbproj", "{8D7606F7-A05D-4E15-80D3-C88BBDD7717F}"
EndProject
Global
	GlobalSection(SolutionConfigurationPlatforms) = preSolution
		Debug|Any CPU = Debug|Any CPU
		Release|Any CPU = Release|Any CPU
	EndGlobalSection
	GlobalSection(ProjectConfigurationPlatforms) = postSolution
		{8D7606F7-A05D-4E15-80D3-C88BBDD7717F}.Debug|Any CPU.ActiveCfg = Debug|Any CPU
		{8D7606F7-A05D-4E15-80D3-C88BBDD7717F}.Debug|Any CPU.Build.0 = Debug|Any CPU
		{8D7606F7-A05D-4E15-80D3-C88BBDD7717F}.Release|Any CPU.ActiveCfg = Release|Any CPU
		{8D7606F7-A05D-4E15-80D3-C88BBDD7717F}.Release|Any CPU.Build.0 = Release|Any CPU
	EndGlobalSection
	GlobalSection(SolutionProperties) = preSolution
		HideSolutionNode = FALSE
	EndGlobalSection
EndGlobal
