Microsoft Visual Studio Solution File, Format Version 11.00
# Visual Studio 2010
Project("{FAE04EC0-301F-11D3-BF4B-00C04F79EFBC}") = "GenDigPulseTrain_Continuous", "GenDigPulseTrain_Continuous.2010.csproj", "{EE46F0BD-9532-436B-95C9-3DD884DECEF6}"
EndProject
Global
	GlobalSection(SolutionConfigurationPlatforms) = preSolution
		Debug|Any CPU = Debug|Any CPU
		Release|Any CPU = Release|Any CPU
	EndGlobalSection
	GlobalSection(ProjectConfigurationPlatforms) = postSolution
		{EE46F0BD-9532-436B-95C9-3DD884DECEF6}.Debug|Any CPU.ActiveCfg = Debug|Any CPU
		{EE46F0BD-9532-436B-95C9-3DD884DECEF6}.Debug|Any CPU.Build.0 = Debug|Any CPU
		{EE46F0BD-9532-436B-95C9-3DD884DECEF6}.Release|Any CPU.ActiveCfg = Release|Any CPU
		{EE46F0BD-9532-436B-95C9-3DD884DECEF6}.Release|Any CPU.Build.0 = Release|Any CPU
	EndGlobalSection
	GlobalSection(SolutionProperties) = preSolution
		HideSolutionNode = FALSE
	EndGlobalSection
EndGlobal
