Microsoft Visual Studio Solution File, Format Version 12.00
# Visual Studio 2012
Project("{F184B08F-C81C-45F6-A57F-5ABD9991F28F}") = "SyncAI_ReadDigChan.2012", "SyncAI_ReadDigChan.2012.vbproj", "{C0BF96E0-7C78-411E-82CF-DD5F5176C287}"
EndProject
Global
	GlobalSection(SolutionConfigurationPlatforms) = preSolution
		Debug|Any CPU = Debug|Any CPU
		Release|Any CPU = Release|Any CPU
	EndGlobalSection
	GlobalSection(ProjectConfigurationPlatforms) = postSolution
		{C0BF96E0-7C78-411E-82CF-DD5F5176C287}.Debug|Any CPU.ActiveCfg = Debug|Any CPU
		{C0BF96E0-7C78-411E-82CF-DD5F5176C287}.Debug|Any CPU.Build.0 = Debug|Any CPU
		{C0BF96E0-7C78-411E-82CF-DD5F5176C287}.Release|Any CPU.ActiveCfg = Release|Any CPU
		{C0BF96E0-7C78-411E-82CF-DD5F5176C287}.Release|Any CPU.Build.0 = Release|Any CPU
	EndGlobalSection
	GlobalSection(SolutionProperties) = preSolution
		HideSolutionNode = FALSE
	EndGlobalSection
EndGlobal
