Microsoft Visual Studio Solution File, Format Version 12.00
# Visual Studio 2012
Project("{FAE04EC0-301F-11D3-BF4B-00C04F79EFBC}") = "Formats", "Formats.csproj", "{83CB8FED-90B6-4BB7-95A2-BE096C997ABD}"
EndProject
Global
	GlobalSection(SolutionConfigurationPlatforms) = preSolution
		Debug|Any CPU = Debug|Any CPU
		Release|Any CPU = Release|Any CPU
	EndGlobalSection
	GlobalSection(ProjectConfigurationPlatforms) = postSolution
		{83CB8FED-90B6-4BB7-95A2-BE096C997ABD}.Debug|Any CPU.ActiveCfg = Debug|Any CPU
		{83CB8FED-90B6-4BB7-95A2-BE096C997ABD}.Debug|Any CPU.Build.0 = Debug|Any CPU
		{83CB8FED-90B6-4BB7-95A2-BE096C997ABD}.Release|Any CPU.ActiveCfg = Release|Any CPU
		{83CB8FED-90B6-4BB7-95A2-BE096C997ABD}.Release|Any CPU.Build.0 = Release|Any CPU
	EndGlobalSection
	GlobalSection(SolutionProperties) = preSolution
		HideSolutionNode = FALSE
	EndGlobalSection
EndGlobal
