Microsoft Visual Studio Solution File, Format Version 12.00
# Visual Studio 2012
Project("{F184B08F-C81C-45F6-A57F-5ABD9991F28F}") = "CustomStyles", "CustomStyles.vbproj", "{73D3590D-D447-43F3-AD36-E6205E43D11E}"
EndProject
Global
	GlobalSection(SolutionConfigurationPlatforms) = preSolution
		Debug|Any CPU = Debug|Any CPU
		Release|Any CPU = Release|Any CPU
	EndGlobalSection
	GlobalSection(ProjectConfigurationPlatforms) = postSolution
		{73D3590D-D447-43F3-AD36-E6205E43D11E}.Debug|Any CPU.ActiveCfg = Debug|Any CPU
		{73D3590D-D447-43F3-AD36-E6205E43D11E}.Debug|Any CPU.Build.0 = Debug|Any CPU
		{73D3590D-D447-43F3-AD36-E6205E43D11E}.Release|Any CPU.ActiveCfg = Release|Any CPU
		{73D3590D-D447-43F3-AD36-E6205E43D11E}.Release|Any CPU.Build.0 = Release|Any CPU
	EndGlobalSection
	GlobalSection(SolutionProperties) = preSolution
		HideSolutionNode = FALSE
	EndGlobalSection
EndGlobal
