Microsoft Visual Studio Solution File, Format Version 12.00
# Visual Studio 2013
Project("{FAE04EC0-301F-11D3-BF4B-00C04F79EFBC}") = "Transmitter", "Transmitter.csproj", "{A6653DEA-FE4A-40C8-96B4-29A2A0436E41}"
EndProject
Global
	GlobalSection(SolutionConfigurationPlatforms) = preSolution
		Debug|Any CPU = Debug|Any CPU
		Release|Any CPU = Release|Any CPU
	EndGlobalSection
	GlobalSection(ProjectConfigurationPlatforms) = postSolution
		{A6653DEA-FE4A-40C8-96B4-29A2A0436E41}.Debug|Any CPU.ActiveCfg = Debug|Any CPU
		{A6653DEA-FE4A-40C8-96B4-29A2A0436E41}.Debug|Any CPU.Build.0 = Debug|Any CPU
		{A6653DEA-FE4A-40C8-96B4-29A2A0436E41}.Release|Any CPU.ActiveCfg = Release|Any CPU
		{A6653DEA-FE4A-40C8-96B4-29A2A0436E41}.Release|Any CPU.Build.0 = Release|Any CPU
	EndGlobalSection
	GlobalSection(SolutionProperties) = preSolution
		HideSolutionNode = FALSE
	EndGlobalSection
EndGlobal
