Microsoft Visual Studio Solution File, Format Version 12.00
# Visual Studio 2012
Project("{F184B08F-C81C-45F6-A57F-5ABD9991F28F}") = "TdmsContAcqVoltageSamples_IntClk_LogOnly", "TdmsContAcqVoltageSamples_IntClk_LogOnly.2012.vbproj", "{C604F19B-67D6-48F6-9409-D5F6D4AD39CA}"
EndProject
Global
	GlobalSection(SolutionConfigurationPlatforms) = preSolution
		Debug|Any CPU = Debug|Any CPU
		Release|Any CPU = Release|Any CPU
	EndGlobalSection
	GlobalSection(ProjectConfigurationPlatforms) = postSolution
		{C604F19B-67D6-48F6-9409-D5F6D4AD39CA}.Debug|Any CPU.ActiveCfg = Debug|Any CPU
		{C604F19B-67D6-48F6-9409-D5F6D4AD39CA}.Debug|Any CPU.Build.0 = Debug|Any CPU
		{C604F19B-67D6-48F6-9409-D5F6D4AD39CA}.Release|Any CPU.ActiveCfg = Release|Any CPU
		{C604F19B-67D6-48F6-9409-D5F6D4AD39CA}.Release|Any CPU.Build.0 = Release|Any CPU
	EndGlobalSection
	GlobalSection(SolutionProperties) = preSolution
		HideSolutionNode = FALSE
	EndGlobalSection
EndGlobal
